{
  "version": 4,
  "terraform_version": "1.9.0",
  "serial": 15,
  "lineage": "b56a3497-6db1-a5b6-fcdc-3a2f264d03b0",
  "outputs": {
    "kube_config": {
      "value": "apiVersion: v1\nclusters:\n- cluster:\n    certificate-authority-data: LS0tLS1CRUdJTiBDRVJUSUZJQ0FURS0tLS0tCk1JSUU2RENDQXRDZ0F3SUJBZ0lRTjZ3dzRhSWI3UkJ3Q1ErV0JuU3ZyREFOQmdrcWhraUc5dzBCQVFzRkFEQU4KTVFzd0NRWURWUVFERXdKallUQWdGdzB5TlRFd016RXhNRE16TkRSYUdBOHlNRFUxTVRBek1URXdORE0wTkZvdwpEVEVMTUFrR0ExVUVBeE1DWTJFd2dnSWlNQTBHQ1NxR1NJYjNEUUVCQVFVQUE0SUNEd0F3Z2dJS0FvSUNBUURCCms0eFJkei9HMzI3bWd0V1BVeDYzQXI1dWVrNTlxK044YlBlc3F0ZEppcWcxdVRjVjZzdU14TUluNzJYQTMzMUgKS1ZmcFlKekNxSXdGaUluNStjOGxldlB4ZTZPcUYrQ2JNWkJTU2FodHdWVEtxMFNESDROb2xnOG4yYi9lOFlmKwpvZ2xYUjVJN1BvUEMxVlFkQnlXU3FpVExTaWc0UXRuS0VKSjRqNk5NS295V3NRM1ZWSjJQem40WFBuMHFsWU92CkFJdm4wanZhdk55UVJwb2RHU2ltTUlVOEpXbThKT3I1T0VjTW1haVoyMGVSeHJISk5Pai94cW8reEZmUlFkelQKVUZZTmFvbXBBVUoxcUdtbXdXWHAvVmkya3k5NXJYTzFwRURia0dlRWZjNFlIOGFoSEgwMVBROFJPUFlPTGVCbwoycWVQMXdoTm1YYXo5djFGMVdPVWJoRkRkSlpmZ3ZHWHNOb0xHOVFXQWxqV3FCS296RzR0UUVqajhsaDdoSFh6Cm9vNEVqOW1mL01SaGUrQUd0UjNRQ2lqSnZRTG1jQnlycGhoWVk1cEs3SjFKYVBRRjAzN1c0RkNTMkJCcjErYzkKMXZlM2JRZW1qTDZURkgxVC8zRGlrVVVDcEVXZ1pYenBrR3Z3V1Q2Q21ENnZjQmRLWk53NC9tSjd4Vmd5Y2VBeApaTWhrRFlzZm1HR1FFeVgrRW04cjZCTlZuQU9ibkIza1VwaUF5L0RrZStteWtqNmM5SUs0Vk52bStkZmdISVEzCmtXQzhOaHU2Z0xzaVFUUDExd3MwSjJCbjRIU3F1cFpuU2dEbDl1UStqcWtsRmVNSWZFRW9KZFk1NjBzdStORmQKcXhHcUQ3MXF3NWhnekZzOEdNL0J0Q0dOemVFWnkvajczTzNpMlluMGN3SURBUUFCbzBJd1FEQU9CZ05WSFE4QgpBZjhFQkFNQ0FxUXdEd1lEVlIwVEFRSC9CQVV3QXdFQi96QWRCZ05WSFE0RUZnUVVjcUdWdXExMVpZb01pOFdZCm5yQi9uRXJYNlBFd0RRWUpLb1pJaHZjTkFRRUxCUUFEZ2dJQkFLL044VEllSXk2MVJ2VzM1RlRKRFdNdVJaTU0KWnZqQjlVdHlsajdMM25DcDdKRnk2cmRhbUg1UTVpMEJMcTdLeUdGc2hUMDB4R1FzUGdSYk1KdHBPQzB1UVNKQgpwNHp3V3RNcDVkM25nVEJ6clRmQ0s1cUNJeEZyU1hrZ1pIUUZDbG41eXhSckN0bEx4blJ1OWpObDF6UUxkN09uCnZXUlNScHRRcHYvOHRYRDl6elZ6YWZBd1l1Q0pPcWdvQ0trbDdlL0pseWVnajY0aGlyeU0rbGdpVVVCOEdWZjgKbVpYQTU5dVp0aHZFa2g2cU5aMVdnVEpaanUxRlNWbEdNR3E3M2lacWliSm8wUGFYUEEyWVhUSWNLUkVVVVRhQwpwSlphc3QxdEdzQW53NjVWMDZSR3FMRmxjWGxJZnAxcEJaN2tXbncvdVFtM0g1UGlJNWZRT1hnak0vbFJheDV2CnlzWm1yQ0hhZmZabjJYMzRBMklaV0tKcDNwVGxWd21kemxIWll3elFDekFHMndqd3JCN2xjMGdVUkQ3ODYya0sKNnVYVjBrUnMySDhKalNPRm9QNmdIeEVneWV0OFBsQkp3SHNIMFc3TW5oZTBrQ2RaL3MzSnVsWkZFQ0RuNC9pagpNWDZWNDJQREFnd0JXekJ5L0VMZXlNK1lPVXlUL3FOUldEZjlZTEN5Rmx1L2pvUGh0TmViOGxtZDZaZEkyQ09aCmZxQjMrTVVzT3BzWWtWV2gyNTRScHJVZXBBNVhWMEZXVllTN1JXNTBid1lHOEhWN0lsMDVMSjIwNnVSOEE0RzQKZnFURkhkOTViRnNhaTJ2OGt6SjBVbHAwcSt5LzFGOUlOR1oxYkZqZEVwSU9VQkRsdXY4VndMMXBMRVZ1c2s4WApvL3JuVVo1NEpaR2JjbXNDCi0tLS0tRU5EIENFUlRJRklDQVRFLS0tLS0K\n    server: https://k8slab-h5h89999.41f78e70-6f71-4852-824d-818a0b31e8b8.privatelink.westeurope.azmk8s.io:443\n  name: k8s-lab-aks\ncontexts:\n- context:\n    cluster: k8s-lab-aks\n    user: clusterUser_k8s-lab-rg_k8s-lab-aks\n  name: k8s-lab-aks\ncurrent-context: k8s-lab-aks\nkind: Config\npreferences: {}\nusers:\n- name: clusterUser_k8s-lab-rg_k8s-lab-aks\n  user:\n    exec:\n      apiVersion: client.authentication.k8s.io/v1beta1\n      args:\n      - get-token\n      - --environment\n      - AzurePublicCloud\n      - --server-id\n      - 6dae42f8-4368-4678-94ff-3960e28e3630\n      - --client-id\n      - 80faf920-1908-4b52-b5ef-a8e7bedfc67a\n      - --tenant-id\n      - ffbf6cdc-20c6-4a53-9a97-8bea2af356af\n      - --login\n      - devicecode\n      command: kubelogin\n      env: null\n      installHint: |2\n\n        kubelogin is not installed which is required to connect to AAD enabled cluster.\n\n        To learn more, please go to https://aka.ms/aks/kubelogin\n      provideClusterInfo: false\n",
      "type": "string",
      "sensitive": true
    }
  },
  "resources": [
    {
      "mode": "data",
      "type": "azurerm_client_config",
      "name": "current",
      "provider": "provider[\"registry.terraform.io/hashicorp/azurerm\"]",
      "instances": [
        {
          "schema_version": 0,
          "attributes": {
            "client_id": "04b07795-8ddb-461a-bbee-02f9e1bf7b46",
            "id": "Y2xpZW50Q29uZmlncy9jbGllbnRJZD0wNGIwNzc5NS04ZGRiLTQ2MWEtYmJlZS0wMmY5ZTFiZjdiNDY7b2JqZWN0SWQ9MzgzNWJmODYtYjIxOC00MmYwLThhMGYtMzI0Zjk4MDQwOTdlO3N1YnNjcmlwdGlvbklkPWM0MjM3ZTgyLWY0OGMtNGMwYi1hYjk1LTI4YzkwMThlZWUzMTt0ZW5hbnRJZD1mZmJmNmNkYy0yMGM2LTRhNTMtOWE5Ny04YmVhMmFmMzU2YWY=",
            "object_id": "3835bf86-b218-42f0-8a0f-324f9804097e",
            "subscription_id": "c4237e82-f48c-4c0b-ab95-28c9018eee31",
            "tenant_id": "ffbf6cdc-20c6-4a53-9a97-8bea2af356af",
            "timeouts": null
          },
          "sensitive_attributes": []
        }
      ]
    },
    {
      "mode": "managed",
      "type": "azurerm_resource_group",
      "name": "rg",
      "provider": "provider[\"registry.terraform.io/hashicorp/azurerm\"]",
      "instances": [
        {
          "schema_version": 0,
          "attributes": {
            "id": "/subscriptions/c4237e82-f48c-4c0b-ab95-28c9018eee31/resourceGroups/k8s-lab-rg",
            "location": "westeurope",
            "managed_by": "",
            "name": "k8s-lab-rg",
            "tags": {},
            "timeouts": null
          },
          "sensitive_attributes": [],
          "private": "eyJlMmJmYjczMC1lY2FhLTExZTYtOGY4OC0zNDM2M2JjN2M0YzAiOnsiY3JlYXRlIjo1NDAwMDAwMDAwMDAwLCJkZWxldGUiOjU0MDAwMDAwMDAwMDAsInJlYWQiOjMwMDAwMDAwMDAwMCwidXBkYXRlIjo1NDAwMDAwMDAwMDAwfX0="
        }
      ]
    },
    {
      "mode": "managed",
      "type": "azurerm_subnet",
      "name": "aks",
      "provider": "provider[\"registry.terraform.io/hashicorp/azurerm\"]",
      "instances": [
        {
          "schema_version": 0,
          "attributes": {
            "address_prefixes": [
              "10.0.1.0/24"
            ],
            "default_outbound_access_enabled": true,
            "delegation": [],
            "enforce_private_link_endpoint_network_policies": false,
            "enforce_private_link_service_network_policies": false,
            "id": "/subscriptions/c4237e82-f48c-4c0b-ab95-28c9018eee31/resourceGroups/k8s-lab-rg/providers/Microsoft.Network/virtualNetworks/k8s-vnet/subnets/aks-subnet",
            "name": "aks-subnet",
            "private_endpoint_network_policies": "Enabled",
            "private_endpoint_network_policies_enabled": true,
            "private_link_service_network_policies_enabled": true,
            "resource_group_name": "k8s-lab-rg",
            "service_endpoint_policy_ids": [],
            "service_endpoints": [],
            "timeouts": null,
            "virtual_network_name": "k8s-vnet"
          },
          "sensitive_attributes": [],
          "private": "eyJlMmJmYjczMC1lY2FhLTExZTYtOGY4OC0zNDM2M2JjN2M0YzAiOnsiY3JlYXRlIjoxODAwMDAwMDAwMDAwLCJkZWxldGUiOjE4MDAwMDAwMDAwMDAsInJlYWQiOjMwMDAwMDAwMDAwMCwidXBkYXRlIjoxODAwMDAwMDAwMDAwfX0=",
          "dependencies": [
            "azurerm_resource_group.rg",
            "azurerm_virtual_network.vnet"
          ]
        }
      ]
    },
    {
      "mode": "managed",
      "type": "azurerm_virtual_network",
      "name": "vnet",
      "provider": "provider[\"registry.terraform.io/hashicorp/azurerm\"]",
      "instances": [
        {
          "schema_version": 0,
          "attributes": {
            "address_space": [
              "10.0.0.0/16"
            ],
            "bgp_community": "",
            "ddos_protection_plan": [],
            "dns_servers": [],
            "edge_zone": "",
            "encryption": [],
            "flow_timeout_in_minutes": 0,
            "guid": "81c7fd48-bd9b-4417-ba02-7da5de6de083",
            "id": "/subscriptions/c4237e82-f48c-4c0b-ab95-28c9018eee31/resourceGroups/k8s-lab-rg/providers/Microsoft.Network/virtualNetworks/k8s-vnet",
            "location": "westeurope",
            "name": "k8s-vnet",
            "resource_group_name": "k8s-lab-rg",
            "subnet": [
              {
                "address_prefix": "10.0.1.0/24",
                "id": "/subscriptions/c4237e82-f48c-4c0b-ab95-28c9018eee31/resourceGroups/k8s-lab-rg/providers/Microsoft.Network/virtualNetworks/k8s-vnet/subnets/aks-subnet",
                "name": "aks-subnet",
                "security_group": ""
              }
            ],
            "tags": {},
            "timeouts": null
          },
          "sensitive_attributes": [],
          "private": "eyJlMmJmYjczMC1lY2FhLTExZTYtOGY4OC0zNDM2M2JjN2M0YzAiOnsiY3JlYXRlIjoxODAwMDAwMDAwMDAwLCJkZWxldGUiOjE4MDAwMDAwMDAwMDAsInJlYWQiOjMwMDAwMDAwMDAwMCwidXBkYXRlIjoxODAwMDAwMDAwMDAwfX0=",
          "dependencies": [
            "azurerm_resource_group.rg"
          ]
        }
      ]
    }
  ],
  "check_results": null
}
